
Microsoft Visual Studio Solution File, Format Version 12.00
# Visual Studio Version 16
VisualStudioVersion = 16.0.31129.286
MinimumVisualStudioVersion = 10.0.40219.1
Project("{9A19103F-16F7-4668-BE54-9A1E7A4F7556}") = "ArticleService", "ArticleService.csproj", "{FB04C694-7B8D-43B1-A215-EC4612884C80}"
EndProject
Project("{9A19103F-16F7-4668-BE54-9A1E7A4F7556}") = "ArticleService.Core", "..\ArticleService.Core\ArticleService.Core.csproj", "{2D02B6DB-F997-4A52-BBD7-71889AFDB32E}"
EndProject
Project("{9A19103F-16F7-4668-BE54-9A1E7A4F7556}") = "ArticleConsumerService", "..\ArticleConsumerService\ArticleConsumerService.csproj", "{D4752339-5F5A-45AB-9721-8823F82DD959}"
EndProject
Global
	GlobalSection(SolutionConfigurationPlatforms) = preSolution
		Debug|Any CPU = Debug|Any CPU
		Release|Any CPU = Release|Any CPU
	EndGlobalSection
	GlobalSection(ProjectConfigurationPlatforms) = postSolution
		{FB04C694-7B8D-43B1-A215-EC4612884C80}.Debug|Any CPU.ActiveCfg = Debug|Any CPU
		{FB04C694-7B8D-43B1-A215-EC4612884C80}.Debug|Any CPU.Build.0 = Debug|Any CPU
		{FB04C694-7B8D-43B1-A215-EC4612884C80}.Release|Any CPU.ActiveCfg = Release|Any CPU
		{FB04C694-7B8D-43B1-A215-EC4612884C80}.Release|Any CPU.Build.0 = Release|Any CPU
		{2D02B6DB-F997-4A52-BBD7-71889AFDB32E}.Debug|Any CPU.ActiveCfg = Debug|Any CPU
		{2D02B6DB-F997-4A52-BBD7-71889AFDB32E}.Debug|Any CPU.Build.0 = Debug|Any CPU
		{2D02B6DB-F997-4A52-BBD7-71889AFDB32E}.Release|Any CPU.ActiveCfg = Release|Any CPU
		{2D02B6DB-F997-4A52-BBD7-71889AFDB32E}.Release|Any CPU.Build.0 = Release|Any CPU
		{D4752339-5F5A-45AB-9721-8823F82DD959}.Debug|Any CPU.ActiveCfg = Debug|Any CPU
		{D4752339-5F5A-45AB-9721-8823F82DD959}.Debug|Any CPU.Build.0 = Debug|Any CPU
		{D4752339-5F5A-45AB-9721-8823F82DD959}.Release|Any CPU.ActiveCfg = Release|Any CPU
		{D4752339-5F5A-45AB-9721-8823F82DD959}.Release|Any CPU.Build.0 = Release|Any CPU
	EndGlobalSection
	GlobalSection(SolutionProperties) = preSolution
		HideSolutionNode = FALSE
	EndGlobalSection
	GlobalSection(ExtensibilityGlobals) = postSolution
		SolutionGuid = {AAFDE3A5-8706-412F-B7CF-B8DA0C6F405E}
	EndGlobalSection
EndGlobal
